
Microsoft Visual Studio Solution File, Format Version 12.00
# Visual Studio Version 16
VisualStudioVersion = 16.0.32228.343
MinimumVisualStudioVersion = 10.0.40219.1
Project("{FAE04EC0-301F-11D3-BF4B-00C04F79EFBC}") = "E-Learning", "E-Learning\E-Learning.csproj", "{12C85F56-9FC5-4B09-ABB9-964B6CE6925F}"
EndProject
Global
	GlobalSection(SolutionConfigurationPlatforms) = preSolution
		Debug|Any CPU = Debug|Any CPU
		Release|Any CPU = Release|Any CPU
	EndGlobalSection
	GlobalSection(ProjectConfigurationPlatforms) = postSolution
		{12C85F56-9FC5-4B09-ABB9-964B6CE6925F}.Debug|Any CPU.ActiveCfg = Debug|Any CPU
		{12C85F56-9FC5-4B09-ABB9-964B6CE6925F}.Debug|Any CPU.Build.0 = Debug|Any CPU
		{12C85F56-9FC5-4B09-ABB9-964B6CE6925F}.Release|Any CPU.ActiveCfg = Release|Any CPU
		{12C85F56-9FC5-4B09-ABB9-964B6CE6925F}.Release|Any CPU.Build.0 = Release|Any CPU
	EndGlobalSection
	GlobalSection(SolutionProperties) = preSolution
		HideSolutionNode = FALSE
	EndGlobalSection
	GlobalSection(ExtensibilityGlobals) = postSolution
		SolutionGuid = {3E7CCBB4-8318-474E-909F-09F4312DDD64}
	EndGlobalSection
EndGlobal
